// !$*UTF8*$!
{
	archiveVersion = 1;
	classes = {
	};
	objectVersion = 56;
	objects = {

/* Begin PBXBuildFile section */
		F7ABB2F52B9C7F8B00EC6520 /* TaskTrackerApp.swift in Sources */ = {isa = PBXBuildFile; fileRef = F7ABB2F42B9C7F8B00EC6520 /* TaskTrackerApp.swift */; };
		F7ABB2F92B9C7F8C00EC6520 /* Assets.xcassets in Resources */ = {isa = PBXBuildFile; fileRef = F7ABB2F82B9C7F8C00EC6520 /* Assets.xcassets */; };
		F7ABB2FC2B9C7F8C00EC6520 /* Preview Assets.xcassets in Resources */ = {isa = PBXBuildFile; fileRef = F7ABB2FB2B9C7F8C00EC6520 /* Preview Assets.xcassets */; };
		F7ABB3042B9DC49B00EC6520 /* SQLite in Frameworks */ = {isa = PBXBuildFile; productRef = F7ABB3032B9DC49B00EC6520 /* SQLite */; };
		F7ABB3092B9DCA3300EC6520 /* Task.swift in Sources */ = {isa = PBXBuildFile; fileRef = F7ABB3082B9DCA3300EC6520 /* Task.swift */; };
		F7ABB30B2B9DCAA800EC6520 /* Category.swift in Sources */ = {isa = PBXBuildFile; fileRef = F7ABB30A2B9DCAA800EC6520 /* Category.swift */; };
		F7ABB30D2B9DCAE800EC6520 /* TaskCategory.swift in Sources */ = {isa = PBXBuildFile; fileRef = F7ABB30C2B9DCAE800EC6520 /* TaskCategory.swift */; };
		F7ABB30F2B9DCB1E00EC6520 /* TaskManager.swift in Sources */ = {isa = PBXBuildFile; fileRef = F7ABB30E2B9DCB1E00EC6520 /* TaskManager.swift */; };
		F7ABB3152B9DDDE900EC6520 /* TasksView.swift in Sources */ = {isa = PBXBuildFile; fileRef = F7ABB3142B9DDDE900EC6520 /* TasksView.swift */; };
		F7ABB3172B9DE0FA00EC6520 /* CreateTaskView.swift in Sources */ = {isa = PBXBuildFile; fileRef = F7ABB3162B9DE0FA00EC6520 /* CreateTaskView.swift */; };
/* End PBXBuildFile section */

/* Begin PBXFileReference section */
		F7ABB2F12B9C7F8B00EC6520 /* TaskTracker.app */ = {isa = PBXFileReference; explicitFileType = wrapper.application; includeInIndex = 0; path = TaskTracker.app; sourceTree = BUILT_PRODUCTS_DIR; };
		F7ABB2F42B9C7F8B00EC6520 /* TaskTrackerApp.swift */ = {isa = PBXFileReference; lastKnownFileType = sourcecode.swift; path = TaskTrackerApp.swift; sourceTree = "<group>"; };
		F7ABB2F82B9C7F8C00EC6520 /* Assets.xcassets */ = {isa = PBXFileReference; lastKnownFileType = folder.assetcatalog; path = Assets.xcassets; sourceTree = "<group>"; };
		F7ABB2FB2B9C7F8C00EC6520 /* Preview Assets.xcassets */ = {isa = PBXFileReference; lastKnownFileType = folder.assetcatalog; path = "Preview Assets.xcassets"; sourceTree = "<group>"; };
		F7ABB3082B9DCA3300EC6520 /* Task.swift */ = {isa = PBXFileReference; lastKnownFileType = sourcecode.swift; path = Task.swift; sourceTree = "<group>"; };
		F7ABB30A2B9DCAA800EC6520 /* Category.swift */ = {isa = PBXFileReference; lastKnownFileType = sourcecode.swift; path = Category.swift; sourceTree = "<group>"; };
		F7ABB30C2B9DCAE800EC6520 /* TaskCategory.swift */ = {isa = PBXFileReference; lastKnownFileType = sourcecode.swift; path = TaskCategory.swift; sourceTree = "<group>"; };
		F7ABB30E2B9DCB1E00EC6520 /* TaskManager.swift */ = {isa = PBXFileReference; lastKnownFileType = sourcecode.swift; path = TaskManager.swift; sourceTree = "<group>"; };
		F7ABB3142B9DDDE900EC6520 /* TasksView.swift */ = {isa = PBXFileReference; lastKnownFileType = sourcecode.swift; path = TasksView.swift; sourceTree = "<group>"; };
		F7ABB3162B9DE0FA00EC6520 /* CreateTaskView.swift */ = {isa = PBXFileReference; lastKnownFileType = sourcecode.swift; path = CreateTaskView.swift; sourceTree = "<group>"; };
/* End PBXFileReference section */

/* Begin PBXFrameworksBuildPhase section */
		F7ABB2EE2B9C7F8B00EC6520 /* Frameworks */ = {
			isa = PBXFrameworksBuildPhase;
			buildActionMask = 2147483647;
			files = (
				F7ABB3042B9DC49B00EC6520 /* SQLite in Frameworks */,
			);
			runOnlyForDeploymentPostprocessing = 0;
		};
/* End PBXFrameworksBuildPhase section */

/* Begin PBXGroup section */
		F7ABB2E82B9C7F8B00EC6520 = {
			isa = PBXGroup;
			children = (
				F7ABB2F32B9C7F8B00EC6520 /* TaskTracker */,
				F7ABB2F22B9C7F8B00EC6520 /* Products */,
			);
			sourceTree = "<group>";
		};
		F7ABB2F22B9C7F8B00EC6520 /* Products */ = {
			isa = PBXGroup;
			children = (
				F7ABB2F12B9C7F8B00EC6520 /* TaskTracker.app */,
			);
			name = Products;
			sourceTree = "<group>";
		};
		F7ABB2F32B9C7F8B00EC6520 /* TaskTracker */ = {
			isa = PBXGroup;
			children = (
				F7ABB3072B9DC99200EC6520 /* ViewModel */,
				F7ABB3062B9DC98D00EC6520 /* Model */,
				F7ABB3052B9DC98300EC6520 /* View */,
				F7ABB2F42B9C7F8B00EC6520 /* TaskTrackerApp.swift */,
				F7ABB2F82B9C7F8C00EC6520 /* Assets.xcassets */,
				F7ABB2FA2B9C7F8C00EC6520 /* Preview Content */,
			);
			path = TaskTracker;
			sourceTree = "<group>";
		};
		F7ABB2FA2B9C7F8C00EC6520 /* Preview Content */ = {
			isa = PBXGroup;
			children = (
				F7ABB2FB2B9C7F8C00EC6520 /* Preview Assets.xcassets */,
			);
			path = "Preview Content";
			sourceTree = "<group>";
		};
		F7ABB3052B9DC98300EC6520 /* View */ = {
			isa = PBXGroup;
			children = (
				F7ABB3142B9DDDE900EC6520 /* TasksView.swift */,
				F7ABB3162B9DE0FA00EC6520 /* CreateTaskView.swift */,
			);
			path = View;
			sourceTree = "<group>";
		};
		F7ABB3062B9DC98D00EC6520 /* Model */ = {
			isa = PBXGroup;
			children = (
				F7ABB3082B9DCA3300EC6520 /* Task.swift */,
				F7ABB30A2B9DCAA800EC6520 /* Category.swift */,
				F7ABB30C2B9DCAE800EC6520 /* TaskCategory.swift */,
			);
			path = Model;
			sourceTree = "<group>";
		};
		F7ABB3072B9DC99200EC6520 /* ViewModel */ = {
			isa = PBXGroup;
			children = (
				F7ABB30E2B9DCB1E00EC6520 /* TaskManager.swift */,
			);
			path = ViewModel;
			sourceTree = "<group>";
		};
/* End PBXGroup section */

/* Begin PBXNativeTarget section */
		F7ABB2F02B9C7F8B00EC6520 /* TaskTracker */ = {
			isa = PBXNativeTarget;
			buildConfigurationList = F7ABB2FF2B9C7F8C00EC6520 /* Build configuration list for PBXNativeTarget "TaskTracker" */;
			buildPhases = (
				F7ABB2ED2B9C7F8B00EC6520 /* Sources */,
				F7ABB2EE2B9C7F8B00EC6520 /* Frameworks */,
				F7ABB2EF2B9C7F8B00EC6520 /* Resources */,
			);
			buildRules = (
			);
			dependencies = (
			);
			name = TaskTracker;
			packageProductDependencies = (
				F7ABB3032B9DC49B00EC6520 /* SQLite */,
			);
			productName = TaskTracker;
			productReference = F7ABB2F12B9C7F8B00EC6520 /* TaskTracker.app */;
			productType = "com.apple.product-type.application";
		};
/* End PBXNativeTarget section */

/* Begin PBXProject section */
		F7ABB2E92B9C7F8B00EC6520 /* Project object */ = {
			isa = PBXProject;
			attributes = {
				BuildIndependentTargetsInParallel = 1;
				LastSwiftUpdateCheck = 1500;
				LastUpgradeCheck = 1500;
				TargetAttributes = {
					F7ABB2F02B9C7F8B00EC6520 = {
						CreatedOnToolsVersion = 15.0.1;
					};
				};
			};
			buildConfigurationList = F7ABB2EC2B9C7F8B00EC6520 /* Build configuration list for PBXProject "TaskTracker" */;
			compatibilityVersion = "Xcode 14.0";
			developmentRegion = en;
			hasScannedForEncodings = 0;
			knownRegions = (
				en,
				Base,
			);
			mainGroup = F7ABB2E82B9C7F8B00EC6520;
			packageReferences = (
				F7ABB3022B9DC49B00EC6520 /* XCRemoteSwiftPackageReference "SQLite.swift" */,
			);
			productRefGroup = F7ABB2F22B9C7F8B00EC6520 /* Products */;
			projectDirPath = "";
			projectRoot = "";
			targets = (
				F7ABB2F02B9C7F8B00EC6520 /* TaskTracker */,
			);
		};
/* End PBXProject section */

/* Begin PBXResourcesBuildPhase section */
		F7ABB2EF2B9C7F8B00EC6520 /* Resources */ = {
			isa = PBXResourcesBuildPhase;
			buildActionMask = 2147483647;
			files = (
				F7ABB2FC2B9C7F8C00EC6520 /* Preview Assets.xcassets in Resources */,
				F7ABB2F92B9C7F8C00EC6520 /* Assets.xcassets in Resources */,
			);
			runOnlyForDeploymentPostprocessing = 0;
		};
/* End PBXResourcesBuildPhase section */

/* Begin PBXSourcesBuildPhase section */
		F7ABB2ED2B9C7F8B00EC6520 /* Sources */ = {
			isa = PBXSourcesBuildPhase;
			buildActionMask = 2147483647;
			files = (
				F7ABB30F2B9DCB1E00EC6520 /* TaskManager.swift in Sources */,
				F7ABB3172B9DE0FA00EC6520 /* CreateTaskView.swift in Sources */,
				F7ABB30D2B9DCAE800EC6520 /* TaskCategory.swift in Sources */,
				F7ABB3152B9DDDE900EC6520 /* TasksView.swift in Sources */,
				F7ABB3092B9DCA3300EC6520 /* Task.swift in Sources */,
				F7ABB2F52B9C7F8B00EC6520 /* TaskTrackerApp.swift in Sources */,
				F7ABB30B2B9DCAA800EC6520 /* Category.swift in Sources */,
			);
			runOnlyForDeploymentPostprocessing = 0;
		};
/* End PBXSourcesBuildPhase section */

/* Begin XCBuildConfiguration section */
		F7ABB2FD2B9C7F8C00EC6520 /* Debug */ = {
			isa = XCBuildConfiguration;
			buildSettings = {
				ALWAYS_SEARCH_USER_PATHS = NO;
				ASSETCATALOG_COMPILER_GENERATE_SWIFT_ASSET_SYMBOL_EXTENSIONS = YES;
				CLANG_ANALYZER_NONNULL = YES;
				CLANG_ANALYZER_NUMBER_OBJECT_CONVERSION = YES_AGGRESSIVE;
				CLANG_CXX_LANGUAGE_STANDARD = "gnu++20";
				CLANG_ENABLE_MODULES = YES;
				CLANG_ENABLE_OBJC_ARC = YES;
				CLANG_ENABLE_OBJC_WEAK = YES;
				CLANG_WARN_BLOCK_CAPTURE_AUTORELEASING = YES;
				CLANG_WARN_BOOL_CONVERSION = YES;
				CLANG_WARN_COMMA = YES;
				CLANG_WARN_CONSTANT_CONVERSION = YES;
				CLANG_WARN_DEPRECATED_OBJC_IMPLEMENTATIONS = YES;
				CLANG_WARN_DIRECT_OBJC_ISA_USAGE = YES_ERROR;
				CLANG_WARN_DOCUMENTATION_COMMENTS = YES;
				CLANG_WARN_EMPTY_BODY = YES;
				CLANG_WARN_ENUM_CONVERSION = YES;
				CLANG_WARN_INFINITE_RECURSION = YES;
				CLANG_WARN_INT_CONVERSION = YES;
				CLANG_WARN_NON_LITERAL_NULL_CONVERSION = YES;
				CLANG_WARN_OBJC_IMPLICIT_RETAIN_SELF = YES;
				CLANG_WARN_OBJC_LITERAL_CONVERSION = YES;
				CLANG_WARN_OBJC_ROOT_CLASS = YES_ERROR;
				CLANG_WARN_QUOTED_INCLUDE_IN_FRAMEWORK_HEADER = YES;
				CLANG_WARN_RANGE_LOOP_ANALYSIS = YES;
				CLANG_WARN_STRICT_PROTOTYPES = YES;
				CLANG_WARN_SUSPICIOUS_MOVE = YES;
				CLANG_WARN_UNGUARDED_AVAILABILITY = YES_AGGRESSIVE;
				CLANG_WARN_UNREACHABLE_CODE = YES;
				CLANG_WARN__DUPLICATE_METHOD_MATCH = YES;
				COPY_PHASE_STRIP = NO;
				DEBUG_INFORMATION_FORMAT = dwarf;
				ENABLE_STRICT_OBJC_MSGSEND = YES;
				ENABLE_TESTABILITY = YES;
				ENABLE_USER_SCRIPT_SANDBOXING = YES;
				GCC_C_LANGUAGE_STANDARD = gnu17;
				GCC_DYNAMIC_NO_PIC = NO;
				GCC_NO_COMMON_BLOCKS = YES;
				GCC_OPTIMIZATION_LEVEL = 0;
				GCC_PREPROCESSOR_DEFINITIONS = (
					"DEBUG=1",
					"$(inherited)",
				);
				GCC_WARN_64_TO_32_BIT_CONVERSION = YES;
				GCC_WARN_ABOUT_RETURN_TYPE = YES_ERROR;
				GCC_WARN_UNDECLARED_SELECTOR = YES;
				GCC_WARN_UNINITIALIZED_AUTOS = YES_AGGRESSIVE;
				GCC_WARN_UNUSED_FUNCTION = YES;
				GCC_WARN_UNUSED_VARIABLE = YES;
				IPHONEOS_DEPLOYMENT_TARGET = 17.0;
				LOCALIZATION_PREFERS_STRING_CATALOGS = YES;
				MTL_ENABLE_DEBUG_INFO = INCLUDE_SOURCE;
				MTL_FAST_MATH = YES;
				ONLY_ACTIVE_ARCH = YES;
				SDKROOT = iphoneos;
				SWIFT_ACTIVE_COMPILATION_CONDITIONS = "DEBUG $(inherited)";
				SWIFT_OPTIMIZATION_LEVEL = "-Onone";
			};
			name = Debug;
		};
		F7ABB2FE2B9C7F8C00EC6520 /* Release */ = {
			isa = XCBuildConfiguration;
			buildSettings = {
				ALWAYS_SEARCH_USER_PATHS = NO;
				ASSETCATALOG_COMPILER_GENERATE_SWIFT_ASSET_SYMBOL_EXTENSIONS = YES;
				CLANG_ANALYZER_NONNULL = YES;
				CLANG_ANALYZER_NUMBER_OBJECT_CONVERSION = YES_AGGRESSIVE;
				CLANG_CXX_LANGUAGE_STANDARD = "gnu++20";
				CLANG_ENABLE_MODULES = YES;
				CLANG_ENABLE_OBJC_ARC = YES;
				CLANG_ENABLE_OBJC_WEAK = YES;
				CLANG_WARN_BLOCK_CAPTURE_AUTORELEASING = YES;
				CLANG_WARN_BOOL_CONVERSION = YES;
				CLANG_WARN_COMMA = YES;
				CLANG_WARN_CONSTANT_CONVERSION = YES;
				CLANG_WARN_DEPRECATED_OBJC_IMPLEMENTATIONS = YES;
				CLANG_WARN_DIRECT_OBJC_ISA_USAGE = YES_ERROR;
				CLANG_WARN_DOCUMENTATION_COMMENTS = YES;
				CLANG_WARN_EMPTY_BODY = YES;
				CLANG_WARN_ENUM_CONVERSION = YES;
				CLANG_WARN_INFINITE_RECURSION = YES;
				CLANG_WARN_INT_CONVERSION = YES;
				CLANG_WARN_NON_LITERAL_NULL_CONVERSION = YES;
				CLANG_WARN_OBJC_IMPLICIT_RETAIN_SELF = YES;
				CLANG_WARN_OBJC_LITERAL_CONVERSION = YES;
				CLANG_WARN_OBJC_ROOT_CLASS = YES_ERROR;
				CLANG_WARN_QUOTED_INCLUDE_IN_FRAMEWORK_HEADER = YES;
				CLANG_WARN_RANGE_LOOP_ANALYSIS = YES;
				CLANG_WARN_STRICT_PROTOTYPES = YES;
				CLANG_WARN_SUSPICIOUS_MOVE = YES;
				CLANG_WARN_UNGUARDED_AVAILABILITY = YES_AGGRESSIVE;
				CLANG_WARN_UNREACHABLE_CODE = YES;
				CLANG_WARN__DUPLICATE_METHOD_MATCH = YES;
				COPY_PHASE_STRIP = NO;
				DEBUG_INFORMATION_FORMAT = "dwarf-with-dsym";
				ENABLE_NS_ASSERTIONS = NO;
				ENABLE_STRICT_OBJC_MSGSEND = YES;
				ENABLE_USER_SCRIPT_SANDBOXING = YES;
				GCC_C_LANGUAGE_STANDARD = gnu17;
				GCC_NO_COMMON_BLOCKS = YES;
				GCC_WARN_64_TO_32_BIT_CONVERSION = YES;
				GCC_WARN_ABOUT_RETURN_TYPE = YES_ERROR;
				GCC_WARN_UNDECLARED_SELECTOR = YES;
				GCC_WARN_UNINITIALIZED_AUTOS = YES_AGGRESSIVE;
				GCC_WARN_UNUSED_FUNCTION = YES;
				GCC_WARN_UNUSED_VARIABLE = YES;
				IPHONEOS_DEPLOYMENT_TARGET = 17.0;
				LOCALIZATION_PREFERS_STRING_CATALOGS = YES;
				MTL_ENABLE_DEBUG_INFO = NO;
				MTL_FAST_MATH = YES;
				SDKROOT = iphoneos;
				SWIFT_COMPILATION_MODE = wholemodule;
				VALIDATE_PRODUCT = YES;
			};
			name = Release;
		};
		F7ABB3002B9C7F8C00EC6520 /* Debug */ = {
			isa = XCBuildConfiguration;
			buildSettings = {
				ASSETCATALOG_COMPILER_APPICON_NAME = AppIcon;
				ASSETCATALOG_COMPILER_GLOBAL_ACCENT_COLOR_NAME = AccentColor;
				CODE_SIGN_STYLE = Automatic;
				CURRENT_PROJECT_VERSION = 1;
				DEVELOPMENT_ASSET_PATHS = "\"TaskTracker/Preview Content\"";
				DEVELOPMENT_TEAM = L2P3BDMVVB;
				ENABLE_PREVIEWS = YES;
				GENERATE_INFOPLIST_FILE = YES;
				INFOPLIST_KEY_UIApplicationSceneManifest_Generation = YES;
				INFOPLIST_KEY_UIApplicationSupportsIndirectInputEvents = YES;
				INFOPLIST_KEY_UILaunchScreen_Generation = YES;
				INFOPLIST_KEY_UISupportedInterfaceOrientations_iPad = "UIInterfaceOrientationPortrait UIInterfaceOrientationPortraitUpsideDown UIInterfaceOrientationLandscapeLeft UIInterfaceOrientationLandscapeRight";
				INFOPLIST_KEY_UISupportedInterfaceOrientations_iPhone = "UIInterfaceOrientationPortrait UIInterfaceOrientationLandscapeLeft UIInterfaceOrientationLandscapeRight";
				LD_RUNPATH_SEARCH_PATHS = (
					"$(inherited)",
					"@executable_path/Frameworks",
				);
				MARKETING_VERSION = 1.0;
				PRODUCT_BUNDLE_IDENTIFIER = "school-21.TaskTracker";
				PRODUCT_NAME = "$(TARGET_NAME)";
				SWIFT_EMIT_LOC_STRINGS = YES;
				SWIFT_VERSION = 5.0;
				TARGETED_DEVICE_FAMILY = "1,2";
			};
			name = Debug;
		};
		F7ABB3012B9C7F8C00EC6520 /* Release */ = {
			isa = XCBuildConfiguration;
			buildSettings = {
				ASSETCATALOG_COMPILER_APPICON_NAME = AppIcon;
				ASSETCATALOG_COMPILER_GLOBAL_ACCENT_COLOR_NAME = AccentColor;
				CODE_SIGN_STYLE = Automatic;
				CURRENT_PROJECT_VERSION = 1;
				DEVELOPMENT_ASSET_PATHS = "\"TaskTracker/Preview Content\"";
				DEVELOPMENT_TEAM = L2P3BDMVVB;
				ENABLE_PREVIEWS = YES;
				GENERATE_INFOPLIST_FILE = YES;
				INFOPLIST_KEY_UIApplicationSceneManifest_Generation = YES;
				INFOPLIST_KEY_UIApplicationSupportsIndirectInputEvents = YES;
				INFOPLIST_KEY_UILaunchScreen_Generation = YES;
				INFOPLIST_KEY_UISupportedInterfaceOrientations_iPad = "UIInterfaceOrientationPortrait UIInterfaceOrientationPortraitUpsideDown UIInterfaceOrientationLandscapeLeft UIInterfaceOrientationLandscapeRight";
				INFOPLIST_KEY_UISupportedInterfaceOrientations_iPhone = "UIInterfaceOrientationPortrait UIInterfaceOrientationLandscapeLeft UIInterfaceOrientationLandscapeRight";
				LD_RUNPATH_SEARCH_PATHS = (
					"$(inherited)",
					"@executable_path/Frameworks",
				);
				MARKETING_VERSION = 1.0;
				PRODUCT_BUNDLE_IDENTIFIER = "school-21.TaskTracker";
				PRODUCT_NAME = "$(TARGET_NAME)";
				SWIFT_EMIT_LOC_STRINGS = YES;
				SWIFT_VERSION = 5.0;
				TARGETED_DEVICE_FAMILY = "1,2";
			};
			name = Release;
		};
/* End XCBuildConfiguration section */

/* Begin XCConfigurationList section */
		F7ABB2EC2B9C7F8B00EC6520 /* Build configuration list for PBXProject "TaskTracker" */ = {
			isa = XCConfigurationList;
			buildConfigurations = (
				F7ABB2FD2B9C7F8C00EC6520 /* Debug */,
				F7ABB2FE2B9C7F8C00EC6520 /* Release */,
			);
			defaultConfigurationIsVisible = 0;
			defaultConfigurationName = Release;
		};
		F7ABB2FF2B9C7F8C00EC6520 /* Build configuration list for PBXNativeTarget "TaskTracker" */ = {
			isa = XCConfigurationList;
			buildConfigurations = (
				F7ABB3002B9C7F8C00EC6520 /* Debug */,
				F7ABB3012B9C7F8C00EC6520 /* Release */,
			);
			defaultConfigurationIsVisible = 0;
			defaultConfigurationName = Release;
		};
/* End XCConfigurationList section */

/* Begin XCRemoteSwiftPackageReference section */
		F7ABB3022B9DC49B00EC6520 /* XCRemoteSwiftPackageReference "SQLite.swift" */ = {
			isa = XCRemoteSwiftPackageReference;
			repositoryURL = "https://github.com/stephencelis/SQLite.swift.git";
			requirement = {
				kind = upToNextMinorVersion;
				minimumVersion = 0.15.0;
			};
		};
/* End XCRemoteSwiftPackageReference section */

/* Begin XCSwiftPackageProductDependency section */
		F7ABB3032B9DC49B00EC6520 /* SQLite */ = {
			isa = XCSwiftPackageProductDependency;
			package = F7ABB3022B9DC49B00EC6520 /* XCRemoteSwiftPackageReference "SQLite.swift" */;
			productName = SQLite;
		};
/* End XCSwiftPackageProductDependency section */
	};
	rootObject = F7ABB2E92B9C7F8B00EC6520 /* Project object */;
}
